
Microsoft Visual Studio Solution File, Format Version 12.00
Project("{FAE04EC0-301F-11D3-BF4B-00C04F79EFBC}") = "PrescriptionExample", "PrescriptionExample\PrescriptionExample.csproj", "{4B14643B-9C9B-484C-9068-BF35C34D9350}"
EndProject
Global
	GlobalSection(SolutionConfigurationPlatforms) = preSolution
		Debug|Any CPU = Debug|Any CPU
		Release|Any CPU = Release|Any CPU
	EndGlobalSection
	GlobalSection(ProjectConfigurationPlatforms) = postSolution
		{4B14643B-9C9B-484C-9068-BF35C34D9350}.Debug|Any CPU.ActiveCfg = Debug|Any CPU
		{4B14643B-9C9B-484C-9068-BF35C34D9350}.Debug|Any CPU.Build.0 = Debug|Any CPU
		{4B14643B-9C9B-484C-9068-BF35C34D9350}.Release|Any CPU.ActiveCfg = Release|Any CPU
		{4B14643B-9C9B-484C-9068-BF35C34D9350}.Release|Any CPU.Build.0 = Release|Any CPU
	EndGlobalSection
EndGlobal
